
Microsoft Visual Studio Solution File, Format Version 12.00
# Visual Studio Version 17
VisualStudioVersion = 17.2.32519.379
MinimumVisualStudioVersion = 10.0.40219.1
Project("{FAE04EC0-301F-11D3-BF4B-00C04F79EFBC}") = "WebApplication1", "WebApplication1.csproj", "{701E6382-20E1-4A8E-A863-0D90D7969DE9}"
EndProject
Global
	GlobalSection(SolutionConfigurationPlatforms) = preSolution
		Debug|Any CPU = Debug|Any CPU
		Release|Any CPU = Release|Any CPU
	EndGlobalSection
	GlobalSection(ProjectConfigurationPlatforms) = postSolution
		{701E6382-20E1-4A8E-A863-0D90D7969DE9}.Debug|Any CPU.ActiveCfg = Debug|Any CPU
		{701E6382-20E1-4A8E-A863-0D90D7969DE9}.Debug|Any CPU.Build.0 = Debug|Any CPU
		{701E6382-20E1-4A8E-A863-0D90D7969DE9}.Release|Any CPU.ActiveCfg = Release|Any CPU
		{701E6382-20E1-4A8E-A863-0D90D7969DE9}.Release|Any CPU.Build.0 = Release|Any CPU
	EndGlobalSection
	GlobalSection(SolutionProperties) = preSolution
		HideSolutionNode = FALSE
	EndGlobalSection
	GlobalSection(ExtensibilityGlobals) = postSolution
		SolutionGuid = {3C13881A-E212-4D18-B798-0139DB1DA5CD}
	EndGlobalSection
EndGlobal
